
Microsoft Visual Studio Solution File, Format Version 12.00
# Visual Studio Version 17
VisualStudioVersion = 17.5.002.0
MinimumVisualStudioVersion = 10.0.40219.1
Project("{9A19103F-16F7-4668-BE54-9A1E7A4F7556}") = "InterestIsInteresting", "InterestIsInteresting.csproj", "{58B2DDD6-9158-4382-A5C5-7C2954000BA6}"
EndProject
Global
	GlobalSection(SolutionConfigurationPlatforms) = preSolution
		Debug|Any CPU = Debug|Any CPU
		Release|Any CPU = Release|Any CPU
	EndGlobalSection
	GlobalSection(ProjectConfigurationPlatforms) = postSolution
		{58B2DDD6-9158-4382-A5C5-7C2954000BA6}.Debug|Any CPU.ActiveCfg = Debug|Any CPU
		{58B2DDD6-9158-4382-A5C5-7C2954000BA6}.Debug|Any CPU.Build.0 = Debug|Any CPU
		{58B2DDD6-9158-4382-A5C5-7C2954000BA6}.Release|Any CPU.ActiveCfg = Release|Any CPU
		{58B2DDD6-9158-4382-A5C5-7C2954000BA6}.Release|Any CPU.Build.0 = Release|Any CPU
	EndGlobalSection
	GlobalSection(SolutionProperties) = preSolution
		HideSolutionNode = FALSE
	EndGlobalSection
	GlobalSection(ExtensibilityGlobals) = postSolution
		SolutionGuid = {5F3B37AB-D66C-4306-83D5-650484960BB2}
	EndGlobalSection
EndGlobal
