
Microsoft Visual Studio Solution File, Format Version 12.00
# Visual Studio Version 17
VisualStudioVersion = 17.5.002.0
MinimumVisualStudioVersion = 10.0.40219.1
Project("{9A19103F-16F7-4668-BE54-9A1E7A4F7556}") = "RedVsBlueDarwinStyle", "RedVsBlueDarwinStyle.csproj", "{CE23FE3B-1B9E-405A-B786-3C1EDB4D6EDD}"
EndProject
Global
	GlobalSection(SolutionConfigurationPlatforms) = preSolution
		Debug|Any CPU = Debug|Any CPU
		Release|Any CPU = Release|Any CPU
	EndGlobalSection
	GlobalSection(ProjectConfigurationPlatforms) = postSolution
		{CE23FE3B-1B9E-405A-B786-3C1EDB4D6EDD}.Debug|Any CPU.ActiveCfg = Debug|Any CPU
		{CE23FE3B-1B9E-405A-B786-3C1EDB4D6EDD}.Debug|Any CPU.Build.0 = Debug|Any CPU
		{CE23FE3B-1B9E-405A-B786-3C1EDB4D6EDD}.Release|Any CPU.ActiveCfg = Release|Any CPU
		{CE23FE3B-1B9E-405A-B786-3C1EDB4D6EDD}.Release|Any CPU.Build.0 = Release|Any CPU
	EndGlobalSection
	GlobalSection(SolutionProperties) = preSolution
		HideSolutionNode = FALSE
	EndGlobalSection
	GlobalSection(ExtensibilityGlobals) = postSolution
		SolutionGuid = {1E03BCE6-5C3A-4479-AD79-84DD1B2352C1}
	EndGlobalSection
EndGlobal
