
Microsoft Visual Studio Solution File, Format Version 12.00
# Visual Studio Version 17
VisualStudioVersion = 17.5.002.0
MinimumVisualStudioVersion = 10.0.40219.1
Project("{9A19103F-16F7-4668-BE54-9A1E7A4F7556}") = "Isogram", "Isogram.csproj", "{578E9879-7457-44FB-86C8-954FCF116AE2}"
EndProject
Global
	GlobalSection(SolutionConfigurationPlatforms) = preSolution
		Debug|Any CPU = Debug|Any CPU
		Release|Any CPU = Release|Any CPU
	EndGlobalSection
	GlobalSection(ProjectConfigurationPlatforms) = postSolution
		{578E9879-7457-44FB-86C8-954FCF116AE2}.Debug|Any CPU.ActiveCfg = Debug|Any CPU
		{578E9879-7457-44FB-86C8-954FCF116AE2}.Debug|Any CPU.Build.0 = Debug|Any CPU
		{578E9879-7457-44FB-86C8-954FCF116AE2}.Release|Any CPU.ActiveCfg = Release|Any CPU
		{578E9879-7457-44FB-86C8-954FCF116AE2}.Release|Any CPU.Build.0 = Release|Any CPU
	EndGlobalSection
	GlobalSection(SolutionProperties) = preSolution
		HideSolutionNode = FALSE
	EndGlobalSection
	GlobalSection(ExtensibilityGlobals) = postSolution
		SolutionGuid = {96545C4B-C055-4CF2-AE25-94869D95B693}
	EndGlobalSection
EndGlobal
