
Microsoft Visual Studio Solution File, Format Version 12.00
# Visual Studio Version 17
VisualStudioVersion = 17.5.002.0
MinimumVisualStudioVersion = 10.0.40219.1
Project("{9A19103F-16F7-4668-BE54-9A1E7A4F7556}") = "BeerSong", "BeerSong.csproj", "{A815500B-5338-4211-AD81-D4905D794BF7}"
EndProject
Global
	GlobalSection(SolutionConfigurationPlatforms) = preSolution
		Debug|Any CPU = Debug|Any CPU
		Release|Any CPU = Release|Any CPU
	EndGlobalSection
	GlobalSection(ProjectConfigurationPlatforms) = postSolution
		{A815500B-5338-4211-AD81-D4905D794BF7}.Debug|Any CPU.ActiveCfg = Debug|Any CPU
		{A815500B-5338-4211-AD81-D4905D794BF7}.Debug|Any CPU.Build.0 = Debug|Any CPU
		{A815500B-5338-4211-AD81-D4905D794BF7}.Release|Any CPU.ActiveCfg = Release|Any CPU
		{A815500B-5338-4211-AD81-D4905D794BF7}.Release|Any CPU.Build.0 = Release|Any CPU
	EndGlobalSection
	GlobalSection(SolutionProperties) = preSolution
		HideSolutionNode = FALSE
	EndGlobalSection
	GlobalSection(ExtensibilityGlobals) = postSolution
		SolutionGuid = {38DD8273-B762-48BF-BAD3-C4A3AF25035B}
	EndGlobalSection
EndGlobal
