
Microsoft Visual Studio Solution File, Format Version 12.00
# Visual Studio Version 17
VisualStudioVersion = 17.5.002.0
MinimumVisualStudioVersion = 10.0.40219.1
Project("{9A19103F-16F7-4668-BE54-9A1E7A4F7556}") = "Faceid2", "Faceid2.csproj", "{CFEC860B-6181-4FA1-8789-4F794A8B0419}"
EndProject
Global
	GlobalSection(SolutionConfigurationPlatforms) = preSolution
		Debug|Any CPU = Debug|Any CPU
		Release|Any CPU = Release|Any CPU
	EndGlobalSection
	GlobalSection(ProjectConfigurationPlatforms) = postSolution
		{CFEC860B-6181-4FA1-8789-4F794A8B0419}.Debug|Any CPU.ActiveCfg = Debug|Any CPU
		{CFEC860B-6181-4FA1-8789-4F794A8B0419}.Debug|Any CPU.Build.0 = Debug|Any CPU
		{CFEC860B-6181-4FA1-8789-4F794A8B0419}.Release|Any CPU.ActiveCfg = Release|Any CPU
		{CFEC860B-6181-4FA1-8789-4F794A8B0419}.Release|Any CPU.Build.0 = Release|Any CPU
	EndGlobalSection
	GlobalSection(SolutionProperties) = preSolution
		HideSolutionNode = FALSE
	EndGlobalSection
	GlobalSection(ExtensibilityGlobals) = postSolution
		SolutionGuid = {DDA4ED53-9966-441F-BC0A-BBDCE22525EC}
	EndGlobalSection
EndGlobal
